
Microsoft Visual Studio Solution File, Format Version 12.00
# Visual Studio 15
VisualStudioVersion = 15.0.28010.2003
MinimumVisualStudioVersion = 10.0.40219.1
Project("{9A19103F-16F7-4668-BE54-9A1E7A4F7556}") = "StulFiles", "StulFiles\StulFiles.csproj", "{FEA5B3E5-2699-4C6F-BDDF-944761C49F88}"
EndProject
Project("{2150E333-8FDC-42A3-9474-1A3956D46DE8}") = "Solution Items", "Solution Items", "{472358A5-D336-4E30-8C41-33279A4D7E03}"
	ProjectSection(SolutionItems) = preProject
		..\.gitignore = ..\.gitignore
	EndProjectSection
EndProject
Project("{9A19103F-16F7-4668-BE54-9A1E7A4F7556}") = "TpsFiles", "TpsFiles\TpsFiles.csproj", "{A3D08189-F898-4B72-AB75-107C2ADE47DB}"
EndProject
Project("{9A19103F-16F7-4668-BE54-9A1E7A4F7556}") = "StulParitToTpsParitConverter", "StulParitToTpsParitConverter\StulParitToTpsParitConverter.csproj", "{492D5821-3DF7-466A-9F1B-5C440AB4E023}"
EndProject
Project("{9A19103F-16F7-4668-BE54-9A1E7A4F7556}") = "TpsResultsToStulTulosConverter", "TpsResultsToStulTulosConverter\TpsResultsToStulTulosConverter.csproj", "{2A46810F-6C28-4A56-AC5E-6ECE602DA115}"
EndProject
Project("{FAE04EC0-301F-11D3-BF4B-00C04F79EFBC}") = "StulTulos", "StulTulos\StulTulos.csproj", "{5CAD63C6-7DF3-4215-B9A6-B9A0D950AD3C}"
EndProject
Project("{FAE04EC0-301F-11D3-BF4B-00C04F79EFBC}") = "TpsParit", "TpsParit\TpsParit.csproj", "{EDE83E98-CD67-450A-9BAE-50641AE9FCA2}"
EndProject
Global
	GlobalSection(SolutionConfigurationPlatforms) = preSolution
		Debug|Any CPU = Debug|Any CPU
		Release|Any CPU = Release|Any CPU
	EndGlobalSection
	GlobalSection(ProjectConfigurationPlatforms) = postSolution
		{FEA5B3E5-2699-4C6F-BDDF-944761C49F88}.Debug|Any CPU.ActiveCfg = Debug|Any CPU
		{FEA5B3E5-2699-4C6F-BDDF-944761C49F88}.Debug|Any CPU.Build.0 = Debug|Any CPU
		{FEA5B3E5-2699-4C6F-BDDF-944761C49F88}.Release|Any CPU.ActiveCfg = Release|Any CPU
		{FEA5B3E5-2699-4C6F-BDDF-944761C49F88}.Release|Any CPU.Build.0 = Release|Any CPU
		{A3D08189-F898-4B72-AB75-107C2ADE47DB}.Debug|Any CPU.ActiveCfg = Debug|Any CPU
		{A3D08189-F898-4B72-AB75-107C2ADE47DB}.Debug|Any CPU.Build.0 = Debug|Any CPU
		{A3D08189-F898-4B72-AB75-107C2ADE47DB}.Release|Any CPU.ActiveCfg = Release|Any CPU
		{A3D08189-F898-4B72-AB75-107C2ADE47DB}.Release|Any CPU.Build.0 = Release|Any CPU
		{492D5821-3DF7-466A-9F1B-5C440AB4E023}.Debug|Any CPU.ActiveCfg = Debug|Any CPU
		{492D5821-3DF7-466A-9F1B-5C440AB4E023}.Debug|Any CPU.Build.0 = Debug|Any CPU
		{492D5821-3DF7-466A-9F1B-5C440AB4E023}.Release|Any CPU.ActiveCfg = Release|Any CPU
		{492D5821-3DF7-466A-9F1B-5C440AB4E023}.Release|Any CPU.Build.0 = Release|Any CPU
		{2A46810F-6C28-4A56-AC5E-6ECE602DA115}.Debug|Any CPU.ActiveCfg = Debug|Any CPU
		{2A46810F-6C28-4A56-AC5E-6ECE602DA115}.Debug|Any CPU.Build.0 = Debug|Any CPU
		{2A46810F-6C28-4A56-AC5E-6ECE602DA115}.Release|Any CPU.ActiveCfg = Release|Any CPU
		{2A46810F-6C28-4A56-AC5E-6ECE602DA115}.Release|Any CPU.Build.0 = Release|Any CPU
		{5CAD63C6-7DF3-4215-B9A6-B9A0D950AD3C}.Debug|Any CPU.ActiveCfg = Debug|Any CPU
		{5CAD63C6-7DF3-4215-B9A6-B9A0D950AD3C}.Debug|Any CPU.Build.0 = Debug|Any CPU
		{5CAD63C6-7DF3-4215-B9A6-B9A0D950AD3C}.Release|Any CPU.ActiveCfg = Release|Any CPU
		{5CAD63C6-7DF3-4215-B9A6-B9A0D950AD3C}.Release|Any CPU.Build.0 = Release|Any CPU
		{EDE83E98-CD67-450A-9BAE-50641AE9FCA2}.Debug|Any CPU.ActiveCfg = Debug|Any CPU
		{EDE83E98-CD67-450A-9BAE-50641AE9FCA2}.Debug|Any CPU.Build.0 = Debug|Any CPU
		{EDE83E98-CD67-450A-9BAE-50641AE9FCA2}.Release|Any CPU.ActiveCfg = Release|Any CPU
		{EDE83E98-CD67-450A-9BAE-50641AE9FCA2}.Release|Any CPU.Build.0 = Release|Any CPU
	EndGlobalSection
	GlobalSection(SolutionProperties) = preSolution
		HideSolutionNode = FALSE
	EndGlobalSection
	GlobalSection(ExtensibilityGlobals) = postSolution
		SolutionGuid = {17838FF5-F5A3-4B82-947E-8A0892348838}
	EndGlobalSection
EndGlobal
